{
  "name": "indian-colleges",
  "version": "1.0.5",
  "lockfileVersion": 3,
  "requires": true,
  "packages": {
    "": {
      "name": "indian-colleges",
      "version": "1.0.5",
      "dependencies": {
        "indian-colleges": "file:"
      }
    },
    "node_modules/indian-colleges": {
      "resolved": "",
      "link": true
    }
  }
}
